{
  "name": "privatesaint.github.io-master",
  "version": "1.0.0",
  "lockfileVersion": 1,
  "requires": true,
  "dependencies": {
    "parse-usdl": {
      "version": "2.0.2",
      "resolved": "https://registry.npmjs.org/parse-usdl/-/parse-usdl-2.0.2.tgz",
      "integrity": "sha1-sGdEDQCeEJy7oBD9WmHFEas9TD0="
    }
  }
}
